
Microsoft Visual Studio Solution File, Format Version 12.00
# Visual Studio Version 17
VisualStudioVersion = 17.0.31903.59
MinimumVisualStudioVersion = 10.0.40219.1
Project("{2150E333-8FDC-42A3-9474-1A3956D46DE8}") = "src", "src", "{AA52BDD3-C36B-499D-9049-BB721311A642}"
EndProject
Project("{2150E333-8FDC-42A3-9474-1A3956D46DE8}") = "BuildingBlocks", "BuildingBlocks", "{E3ECCBF0-6B36-4460-A25E-4FFBE9837688}"
EndProject
Project("{FAE04EC0-301F-11D3-BF4B-00C04F79EFBC}") = "Auraly.BuildingBlocks.Application", "src\BuildingBlocks\Auraly.BuildingBlocks.Application\Auraly.BuildingBlocks.Application.csproj", "{74E2C9FF-E77D-46F3-BCE3-192FD108D0F7}"
EndProject
Project("{FAE04EC0-301F-11D3-BF4B-00C04F79EFBC}") = "Auraly.BuildingBlocks.Domain", "src\BuildingBlocks\Auraly.BuildingBlocks.Domain\Auraly.BuildingBlocks.Domain.csproj", "{A17D3A29-D0D7-4399-9877-89F3910CFD76}"
EndProject
Project("{FAE04EC0-301F-11D3-BF4B-00C04F79EFBC}") = "Auraly.BuildingBlocks.Infrastructure", "src\BuildingBlocks\Auraly.BuildingBlocks.Infrastructure\Auraly.BuildingBlocks.Infrastructure.csproj", "{E78CDDD5-94A5-4F79-8D0F-607AB3DB0174}"
EndProject
Project("{2150E333-8FDC-42A3-9474-1A3956D46DE8}") = "Fiscal", "Fiscal", "{8FA580FC-B5B7-4BF4-A5BA-23AF0B403C81}"
EndProject
Project("{FAE04EC0-301F-11D3-BF4B-00C04F79EFBC}") = "Auraly.Fiscal.Core", "src\Fiscal\Auraly.Fiscal.Core\Auraly.Fiscal.Core.csproj", "{0291E0AC-B392-4CA4-B1C9-E833C4BEBA63}"
EndProject
Project("{2150E333-8FDC-42A3-9474-1A3956D46DE8}") = "Modules", "Modules", "{E7472DB3-AEC2-4AA3-8902-7533EE31C2B3}"
EndProject
Project("{2150E333-8FDC-42A3-9474-1A3956D46DE8}") = "Authorization", "Authorization", "{75C19843-9A0B-4585-95D5-4877B3131337}"
EndProject
Project("{FAE04EC0-301F-11D3-BF4B-00C04F79EFBC}") = "Auraly.Domain.Authorization", "src\Modules\Authorization\Auraly.Domain.Authorization\Auraly.Domain.Authorization.csproj", "{DFE5CC1E-0A43-4943-BC92-6356536EEDB2}"
EndProject
Project("{2150E333-8FDC-42A3-9474-1A3956D46DE8}") = "Catalog", "Catalog", "{251E144F-6A72-4D02-A784-22F08FDA5D78}"
EndProject
Project("{FAE04EC0-301F-11D3-BF4B-00C04F79EFBC}") = "Auraly.Contracts.Catalog", "src\Modules\Catalog\Auraly.Contracts.Catalog\Auraly.Contracts.Catalog.csproj", "{44B1C289-71DF-43FB-8F8C-6D7367D8A982}"
EndProject
Project("{FAE04EC0-301F-11D3-BF4B-00C04F79EFBC}") = "Auraly.Domain.Catalog", "src\Modules\Catalog\Auraly.Domain.Catalog\Auraly.Domain.Catalog.csproj", "{D25F679D-AD74-490E-842A-28EF6B4721B7}"
EndProject
Project("{2150E333-8FDC-42A3-9474-1A3956D46DE8}") = "DocumentProcessing", "DocumentProcessing", "{D4AE4841-CA7C-4D89-B6D4-48EF105D8438}"
EndProject
Project("{FAE04EC0-301F-11D3-BF4B-00C04F79EFBC}") = "Auraly.Application.DocumentProcessing", "src\Modules\DocumentProcessing\Auraly.Application.DocumentProcessing\Auraly.Application.DocumentProcessing.csproj", "{B0968B63-64E6-4A15-9882-78DA996AD7B0}"
EndProject
Project("{FAE04EC0-301F-11D3-BF4B-00C04F79EFBC}") = "Auraly.Contracts.DocumentProcessing", "src\Modules\DocumentProcessing\Auraly.Contracts.DocumentProcessing\Auraly.Contracts.DocumentProcessing.csproj", "{2AE45112-9FD1-4A06-9DD5-80D37EADC78C}"
EndProject
Project("{2150E333-8FDC-42A3-9474-1A3956D46DE8}") = "Fiscal", "Fiscal", "{17515780-48CA-4278-9AE7-15BDF85C9F75}"
EndProject
Project("{FAE04EC0-301F-11D3-BF4B-00C04F79EFBC}") = "Auraly.Domain.Fiscal", "src\Modules\Fiscal\Auraly.Domain.Fiscal\Auraly.Domain.Fiscal.csproj", "{E5E2ECEE-BC3B-4AE5-B3F6-B43C5C6E82DD}"
EndProject
Project("{2150E333-8FDC-42A3-9474-1A3956D46DE8}") = "Organization", "Organization", "{16BB8762-7561-4EB2-B650-9F99698F1A95}"
EndProject
Project("{FAE04EC0-301F-11D3-BF4B-00C04F79EFBC}") = "Auraly.Contracts.Organization", "src\Modules\Organization\Auraly.Contracts.Organization\Auraly.Contracts.Organization.csproj", "{99ABFF92-0BDB-4362-A758-1218492A5D07}"
EndProject
Project("{FAE04EC0-301F-11D3-BF4B-00C04F79EFBC}") = "Auraly.Domain.Organization", "src\Modules\Organization\Auraly.Domain.Organization\Auraly.Domain.Organization.csproj", "{4ADEA434-2D93-4141-9622-75D67F7725B4}"
EndProject
Project("{2150E333-8FDC-42A3-9474-1A3956D46DE8}") = "Sales", "Sales", "{272A8B45-584C-48A8-8070-CCEEEBA1622C}"
EndProject
Project("{FAE04EC0-301F-11D3-BF4B-00C04F79EFBC}") = "Auraly.Contracts.Sales", "src\Modules\Sales\Auraly.Contracts.Sales\Auraly.Contracts.Sales.csproj", "{32441576-F7EE-4E37-BE6B-EC260C2CE16B}"
EndProject
Project("{FAE04EC0-301F-11D3-BF4B-00C04F79EFBC}") = "Auraly.Domain.Sales", "src\Modules\Sales\Auraly.Domain.Sales\Auraly.Domain.Sales.csproj", "{BF9D5EC9-8BE6-4458-A6EF-A4FDF0344E89}"
EndProject
Project("{2150E333-8FDC-42A3-9474-1A3956D46DE8}") = "tests", "tests", "{3CBDFFA1-17C2-4F1F-BC3C-1A62CA491C20}"
EndProject
Project("{FAE04EC0-301F-11D3-BF4B-00C04F79EFBC}") = "Auraly.Foundation.Tests", "tests\Auraly.Foundation.Tests\Auraly.Foundation.Tests.csproj", "{29437C30-C5FF-49FC-AD25-66BA7D01F6F5}"
EndProject
Project("{FAE04EC0-301F-11D3-BF4B-00C04F79EFBC}") = "Auraly.Application.Authorization", "src\Modules\Authorization\Auraly.Application.Authorization\Auraly.Application.Authorization.csproj", "{A55F3AA4-5B97-406C-822B-B0DD8EF068CD}"
EndProject
Project("{FAE04EC0-301F-11D3-BF4B-00C04F79EFBC}") = "Auraly.Contracts.Authorization", "src\Modules\Authorization\Auraly.Contracts.Authorization\Auraly.Contracts.Authorization.csproj", "{841FC0BA-06D6-4382-8872-9994F0CE174A}"
EndProject
Project("{FAE04EC0-301F-11D3-BF4B-00C04F79EFBC}") = "Auraly.Application.Catalog", "src\Modules\Catalog\Auraly.Application.Catalog\Auraly.Application.Catalog.csproj", "{C61A57C5-F84B-43B2-A320-56B413DBF94E}"
EndProject
Project("{FAE04EC0-301F-11D3-BF4B-00C04F79EFBC}") = "Auraly.Application.Fiscal", "src\Modules\Fiscal\Auraly.Application.Fiscal\Auraly.Application.Fiscal.csproj", "{8D040755-420F-4C32-BDE9-F7E3A158EE6E}"
EndProject
Project("{FAE04EC0-301F-11D3-BF4B-00C04F79EFBC}") = "Auraly.Contracts.Fiscal", "src\Modules\Fiscal\Auraly.Contracts.Fiscal\Auraly.Contracts.Fiscal.csproj", "{E8184D99-0857-489E-AD04-440DA443E660}"
EndProject
Project("{FAE04EC0-301F-11D3-BF4B-00C04F79EFBC}") = "Auraly.Application.Organization", "src\Modules\Organization\Auraly.Application.Organization\Auraly.Application.Organization.csproj", "{F917B35A-B9C6-4687-BAF4-148EB182AEAD}"
EndProject
Project("{FAE04EC0-301F-11D3-BF4B-00C04F79EFBC}") = "Auraly.Application.Sales", "src\Modules\Sales\Auraly.Application.Sales\Auraly.Application.Sales.csproj", "{1153A74A-1ADB-4701-9D25-7D083CF2C081}"
EndProject
Project("{2150E333-8FDC-42A3-9474-1A3956D46DE8}") = "Pos", "Pos", "{7666B729-B2B3-47C4-925F-6790812A5419}"
EndProject
Project("{FAE04EC0-301F-11D3-BF4B-00C04F79EFBC}") = "Auraly.Pos.Edge.Infrastructure", "src\Pos\Auraly.Pos.Edge.Infrastructure\Auraly.Pos.Edge.Infrastructure.csproj", "{3058F4AC-33C6-4D0F-870D-CBFB92EF9BF9}"
EndProject
Global
	GlobalSection(SolutionConfigurationPlatforms) = preSolution
		Debug|Any CPU = Debug|Any CPU
		Release|Any CPU = Release|Any CPU
	EndGlobalSection
	GlobalSection(SolutionProperties) = preSolution
		HideSolutionNode = FALSE
	EndGlobalSection
	GlobalSection(ProjectConfigurationPlatforms) = postSolution
		{74E2C9FF-E77D-46F3-BCE3-192FD108D0F7}.Debug|Any CPU.ActiveCfg = Debug|Any CPU
		{74E2C9FF-E77D-46F3-BCE3-192FD108D0F7}.Debug|Any CPU.Build.0 = Debug|Any CPU
		{74E2C9FF-E77D-46F3-BCE3-192FD108D0F7}.Release|Any CPU.ActiveCfg = Release|Any CPU
		{74E2C9FF-E77D-46F3-BCE3-192FD108D0F7}.Release|Any CPU.Build.0 = Release|Any CPU
		{A17D3A29-D0D7-4399-9877-89F3910CFD76}.Debug|Any CPU.ActiveCfg = Debug|Any CPU
		{A17D3A29-D0D7-4399-9877-89F3910CFD76}.Debug|Any CPU.Build.0 = Debug|Any CPU
		{A17D3A29-D0D7-4399-9877-89F3910CFD76}.Release|Any CPU.ActiveCfg = Release|Any CPU
		{A17D3A29-D0D7-4399-9877-89F3910CFD76}.Release|Any CPU.Build.0 = Release|Any CPU
		{E78CDDD5-94A5-4F79-8D0F-607AB3DB0174}.Debug|Any CPU.ActiveCfg = Debug|Any CPU
		{E78CDDD5-94A5-4F79-8D0F-607AB3DB0174}.Debug|Any CPU.Build.0 = Debug|Any CPU
		{E78CDDD5-94A5-4F79-8D0F-607AB3DB0174}.Release|Any CPU.ActiveCfg = Release|Any CPU
		{E78CDDD5-94A5-4F79-8D0F-607AB3DB0174}.Release|Any CPU.Build.0 = Release|Any CPU
		{0291E0AC-B392-4CA4-B1C9-E833C4BEBA63}.Debug|Any CPU.ActiveCfg = Debug|Any CPU
		{0291E0AC-B392-4CA4-B1C9-E833C4BEBA63}.Debug|Any CPU.Build.0 = Debug|Any CPU
		{0291E0AC-B392-4CA4-B1C9-E833C4BEBA63}.Release|Any CPU.ActiveCfg = Release|Any CPU
		{0291E0AC-B392-4CA4-B1C9-E833C4BEBA63}.Release|Any CPU.Build.0 = Release|Any CPU
		{DFE5CC1E-0A43-4943-BC92-6356536EEDB2}.Debug|Any CPU.ActiveCfg = Debug|Any CPU
		{DFE5CC1E-0A43-4943-BC92-6356536EEDB2}.Debug|Any CPU.Build.0 = Debug|Any CPU
		{DFE5CC1E-0A43-4943-BC92-6356536EEDB2}.Release|Any CPU.ActiveCfg = Release|Any CPU
		{DFE5CC1E-0A43-4943-BC92-6356536EEDB2}.Release|Any CPU.Build.0 = Release|Any CPU
		{44B1C289-71DF-43FB-8F8C-6D7367D8A982}.Debug|Any CPU.ActiveCfg = Debug|Any CPU
		{44B1C289-71DF-43FB-8F8C-6D7367D8A982}.Debug|Any CPU.Build.0 = Debug|Any CPU
		{44B1C289-71DF-43FB-8F8C-6D7367D8A982}.Release|Any CPU.ActiveCfg = Release|Any CPU
		{44B1C289-71DF-43FB-8F8C-6D7367D8A982}.Release|Any CPU.Build.0 = Release|Any CPU
		{D25F679D-AD74-490E-842A-28EF6B4721B7}.Debug|Any CPU.ActiveCfg = Debug|Any CPU
		{D25F679D-AD74-490E-842A-28EF6B4721B7}.Debug|Any CPU.Build.0 = Debug|Any CPU
		{D25F679D-AD74-490E-842A-28EF6B4721B7}.Release|Any CPU.ActiveCfg = Release|Any CPU
		{D25F679D-AD74-490E-842A-28EF6B4721B7}.Release|Any CPU.Build.0 = Release|Any CPU
		{B0968B63-64E6-4A15-9882-78DA996AD7B0}.Debug|Any CPU.ActiveCfg = Debug|Any CPU
		{B0968B63-64E6-4A15-9882-78DA996AD7B0}.Debug|Any CPU.Build.0 = Debug|Any CPU
		{B0968B63-64E6-4A15-9882-78DA996AD7B0}.Release|Any CPU.ActiveCfg = Release|Any CPU
		{B0968B63-64E6-4A15-9882-78DA996AD7B0}.Release|Any CPU.Build.0 = Release|Any CPU
		{2AE45112-9FD1-4A06-9DD5-80D37EADC78C}.Debug|Any CPU.ActiveCfg = Debug|Any CPU
		{2AE45112-9FD1-4A06-9DD5-80D37EADC78C}.Debug|Any CPU.Build.0 = Debug|Any CPU
		{2AE45112-9FD1-4A06-9DD5-80D37EADC78C}.Release|Any CPU.ActiveCfg = Release|Any CPU
		{2AE45112-9FD1-4A06-9DD5-80D37EADC78C}.Release|Any CPU.Build.0 = Release|Any CPU
		{E5E2ECEE-BC3B-4AE5-B3F6-B43C5C6E82DD}.Debug|Any CPU.ActiveCfg = Debug|Any CPU
		{E5E2ECEE-BC3B-4AE5-B3F6-B43C5C6E82DD}.Debug|Any CPU.Build.0 = Debug|Any CPU
		{E5E2ECEE-BC3B-4AE5-B3F6-B43C5C6E82DD}.Release|Any CPU.ActiveCfg = Release|Any CPU
		{E5E2ECEE-BC3B-4AE5-B3F6-B43C5C6E82DD}.Release|Any CPU.Build.0 = Release|Any CPU
		{99ABFF92-0BDB-4362-A758-1218492A5D07}.Debug|Any CPU.ActiveCfg = Debug|Any CPU
		{99ABFF92-0BDB-4362-A758-1218492A5D07}.Debug|Any CPU.Build.0 = Debug|Any CPU
		{99ABFF92-0BDB-4362-A758-1218492A5D07}.Release|Any CPU.ActiveCfg = Release|Any CPU
		{99ABFF92-0BDB-4362-A758-1218492A5D07}.Release|Any CPU.Build.0 = Release|Any CPU
		{4ADEA434-2D93-4141-9622-75D67F7725B4}.Debug|Any CPU.ActiveCfg = Debug|Any CPU
		{4ADEA434-2D93-4141-9622-75D67F7725B4}.Debug|Any CPU.Build.0 = Debug|Any CPU
		{4ADEA434-2D93-4141-9622-75D67F7725B4}.Release|Any CPU.ActiveCfg = Release|Any CPU
		{4ADEA434-2D93-4141-9622-75D67F7725B4}.Release|Any CPU.Build.0 = Release|Any CPU
		{32441576-F7EE-4E37-BE6B-EC260C2CE16B}.Debug|Any CPU.ActiveCfg = Debug|Any CPU
		{32441576-F7EE-4E37-BE6B-EC260C2CE16B}.Debug|Any CPU.Build.0 = Debug|Any CPU
		{32441576-F7EE-4E37-BE6B-EC260C2CE16B}.Release|Any CPU.ActiveCfg = Release|Any CPU
		{32441576-F7EE-4E37-BE6B-EC260C2CE16B}.Release|Any CPU.Build.0 = Release|Any CPU
		{BF9D5EC9-8BE6-4458-A6EF-A4FDF0344E89}.Debug|Any CPU.ActiveCfg = Debug|Any CPU
		{BF9D5EC9-8BE6-4458-A6EF-A4FDF0344E89}.Debug|Any CPU.Build.0 = Debug|Any CPU
		{BF9D5EC9-8BE6-4458-A6EF-A4FDF0344E89}.Release|Any CPU.ActiveCfg = Release|Any CPU
		{BF9D5EC9-8BE6-4458-A6EF-A4FDF0344E89}.Release|Any CPU.Build.0 = Release|Any CPU
		{29437C30-C5FF-49FC-AD25-66BA7D01F6F5}.Debug|Any CPU.ActiveCfg = Debug|Any CPU
		{29437C30-C5FF-49FC-AD25-66BA7D01F6F5}.Debug|Any CPU.Build.0 = Debug|Any CPU
		{29437C30-C5FF-49FC-AD25-66BA7D01F6F5}.Release|Any CPU.ActiveCfg = Release|Any CPU
		{29437C30-C5FF-49FC-AD25-66BA7D01F6F5}.Release|Any CPU.Build.0 = Release|Any CPU
		{A55F3AA4-5B97-406C-822B-B0DD8EF068CD}.Debug|Any CPU.ActiveCfg = Debug|Any CPU
		{A55F3AA4-5B97-406C-822B-B0DD8EF068CD}.Debug|Any CPU.Build.0 = Debug|Any CPU
		{A55F3AA4-5B97-406C-822B-B0DD8EF068CD}.Release|Any CPU.ActiveCfg = Release|Any CPU
		{A55F3AA4-5B97-406C-822B-B0DD8EF068CD}.Release|Any CPU.Build.0 = Release|Any CPU
		{841FC0BA-06D6-4382-8872-9994F0CE174A}.Debug|Any CPU.ActiveCfg = Debug|Any CPU
		{841FC0BA-06D6-4382-8872-9994F0CE174A}.Debug|Any CPU.Build.0 = Debug|Any CPU
		{841FC0BA-06D6-4382-8872-9994F0CE174A}.Release|Any CPU.ActiveCfg = Release|Any CPU
		{841FC0BA-06D6-4382-8872-9994F0CE174A}.Release|Any CPU.Build.0 = Release|Any CPU
		{C61A57C5-F84B-43B2-A320-56B413DBF94E}.Debug|Any CPU.ActiveCfg = Debug|Any CPU
		{C61A57C5-F84B-43B2-A320-56B413DBF94E}.Debug|Any CPU.Build.0 = Debug|Any CPU
		{C61A57C5-F84B-43B2-A320-56B413DBF94E}.Release|Any CPU.ActiveCfg = Release|Any CPU
		{C61A57C5-F84B-43B2-A320-56B413DBF94E}.Release|Any CPU.Build.0 = Release|Any CPU
		{8D040755-420F-4C32-BDE9-F7E3A158EE6E}.Debug|Any CPU.ActiveCfg = Debug|Any CPU
		{8D040755-420F-4C32-BDE9-F7E3A158EE6E}.Debug|Any CPU.Build.0 = Debug|Any CPU
		{8D040755-420F-4C32-BDE9-F7E3A158EE6E}.Release|Any CPU.ActiveCfg = Release|Any CPU
		{8D040755-420F-4C32-BDE9-F7E3A158EE6E}.Release|Any CPU.Build.0 = Release|Any CPU
		{E8184D99-0857-489E-AD04-440DA443E660}.Debug|Any CPU.ActiveCfg = Debug|Any CPU
		{E8184D99-0857-489E-AD04-440DA443E660}.Debug|Any CPU.Build.0 = Debug|Any CPU
		{E8184D99-0857-489E-AD04-440DA443E660}.Release|Any CPU.ActiveCfg = Release|Any CPU
		{E8184D99-0857-489E-AD04-440DA443E660}.Release|Any CPU.Build.0 = Release|Any CPU
		{F917B35A-B9C6-4687-BAF4-148EB182AEAD}.Debug|Any CPU.ActiveCfg = Debug|Any CPU
		{F917B35A-B9C6-4687-BAF4-148EB182AEAD}.Debug|Any CPU.Build.0 = Debug|Any CPU
		{F917B35A-B9C6-4687-BAF4-148EB182AEAD}.Release|Any CPU.ActiveCfg = Release|Any CPU
		{F917B35A-B9C6-4687-BAF4-148EB182AEAD}.Release|Any CPU.Build.0 = Release|Any CPU
		{1153A74A-1ADB-4701-9D25-7D083CF2C081}.Debug|Any CPU.ActiveCfg = Debug|Any CPU
		{1153A74A-1ADB-4701-9D25-7D083CF2C081}.Debug|Any CPU.Build.0 = Debug|Any CPU
		{1153A74A-1ADB-4701-9D25-7D083CF2C081}.Release|Any CPU.ActiveCfg = Release|Any CPU
		{1153A74A-1ADB-4701-9D25-7D083CF2C081}.Release|Any CPU.Build.0 = Release|Any CPU
		{3058F4AC-33C6-4D0F-870D-CBFB92EF9BF9}.Debug|Any CPU.ActiveCfg = Debug|Any CPU
		{3058F4AC-33C6-4D0F-870D-CBFB92EF9BF9}.Debug|Any CPU.Build.0 = Debug|Any CPU
		{3058F4AC-33C6-4D0F-870D-CBFB92EF9BF9}.Release|Any CPU.ActiveCfg = Release|Any CPU
		{3058F4AC-33C6-4D0F-870D-CBFB92EF9BF9}.Release|Any CPU.Build.0 = Release|Any CPU
	EndGlobalSection
	GlobalSection(NestedProjects) = preSolution
		{E3ECCBF0-6B36-4460-A25E-4FFBE9837688} = {AA52BDD3-C36B-499D-9049-BB721311A642}
		{74E2C9FF-E77D-46F3-BCE3-192FD108D0F7} = {E3ECCBF0-6B36-4460-A25E-4FFBE9837688}
		{A17D3A29-D0D7-4399-9877-89F3910CFD76} = {E3ECCBF0-6B36-4460-A25E-4FFBE9837688}
		{E78CDDD5-94A5-4F79-8D0F-607AB3DB0174} = {E3ECCBF0-6B36-4460-A25E-4FFBE9837688}
		{8FA580FC-B5B7-4BF4-A5BA-23AF0B403C81} = {AA52BDD3-C36B-499D-9049-BB721311A642}
		{0291E0AC-B392-4CA4-B1C9-E833C4BEBA63} = {8FA580FC-B5B7-4BF4-A5BA-23AF0B403C81}
		{E7472DB3-AEC2-4AA3-8902-7533EE31C2B3} = {AA52BDD3-C36B-499D-9049-BB721311A642}
		{75C19843-9A0B-4585-95D5-4877B3131337} = {E7472DB3-AEC2-4AA3-8902-7533EE31C2B3}
		{DFE5CC1E-0A43-4943-BC92-6356536EEDB2} = {75C19843-9A0B-4585-95D5-4877B3131337}
		{251E144F-6A72-4D02-A784-22F08FDA5D78} = {E7472DB3-AEC2-4AA3-8902-7533EE31C2B3}
		{44B1C289-71DF-43FB-8F8C-6D7367D8A982} = {251E144F-6A72-4D02-A784-22F08FDA5D78}
		{D25F679D-AD74-490E-842A-28EF6B4721B7} = {251E144F-6A72-4D02-A784-22F08FDA5D78}
		{D4AE4841-CA7C-4D89-B6D4-48EF105D8438} = {E7472DB3-AEC2-4AA3-8902-7533EE31C2B3}
		{B0968B63-64E6-4A15-9882-78DA996AD7B0} = {D4AE4841-CA7C-4D89-B6D4-48EF105D8438}
		{2AE45112-9FD1-4A06-9DD5-80D37EADC78C} = {D4AE4841-CA7C-4D89-B6D4-48EF105D8438}
		{17515780-48CA-4278-9AE7-15BDF85C9F75} = {E7472DB3-AEC2-4AA3-8902-7533EE31C2B3}
		{E5E2ECEE-BC3B-4AE5-B3F6-B43C5C6E82DD} = {17515780-48CA-4278-9AE7-15BDF85C9F75}
		{16BB8762-7561-4EB2-B650-9F99698F1A95} = {E7472DB3-AEC2-4AA3-8902-7533EE31C2B3}
		{99ABFF92-0BDB-4362-A758-1218492A5D07} = {16BB8762-7561-4EB2-B650-9F99698F1A95}
		{4ADEA434-2D93-4141-9622-75D67F7725B4} = {16BB8762-7561-4EB2-B650-9F99698F1A95}
		{272A8B45-584C-48A8-8070-CCEEEBA1622C} = {E7472DB3-AEC2-4AA3-8902-7533EE31C2B3}
		{32441576-F7EE-4E37-BE6B-EC260C2CE16B} = {272A8B45-584C-48A8-8070-CCEEEBA1622C}
		{BF9D5EC9-8BE6-4458-A6EF-A4FDF0344E89} = {272A8B45-584C-48A8-8070-CCEEEBA1622C}
		{29437C30-C5FF-49FC-AD25-66BA7D01F6F5} = {3CBDFFA1-17C2-4F1F-BC3C-1A62CA491C20}
		{A55F3AA4-5B97-406C-822B-B0DD8EF068CD} = {75C19843-9A0B-4585-95D5-4877B3131337}
		{841FC0BA-06D6-4382-8872-9994F0CE174A} = {75C19843-9A0B-4585-95D5-4877B3131337}
		{C61A57C5-F84B-43B2-A320-56B413DBF94E} = {251E144F-6A72-4D02-A784-22F08FDA5D78}
		{8D040755-420F-4C32-BDE9-F7E3A158EE6E} = {17515780-48CA-4278-9AE7-15BDF85C9F75}
		{E8184D99-0857-489E-AD04-440DA443E660} = {17515780-48CA-4278-9AE7-15BDF85C9F75}
		{F917B35A-B9C6-4687-BAF4-148EB182AEAD} = {16BB8762-7561-4EB2-B650-9F99698F1A95}
		{1153A74A-1ADB-4701-9D25-7D083CF2C081} = {272A8B45-584C-48A8-8070-CCEEEBA1622C}
		{7666B729-B2B3-47C4-925F-6790812A5419} = {AA52BDD3-C36B-499D-9049-BB721311A642}
		{3058F4AC-33C6-4D0F-870D-CBFB92EF9BF9} = {7666B729-B2B3-47C4-925F-6790812A5419}
	EndGlobalSection
EndGlobal
